
Microsoft Visual Studio Solution File, Format Version 12.00
# Visual Studio Version 17
VisualStudioVersion = 17.1.32414.318
MinimumVisualStudioVersion = 10.0.40219.1
Project("{FAE04EC0-301F-11D3-BF4B-00C04F79EFBC}") = "jesus", "jesus\jesus.csproj", "{6CDB60F3-B82C-41E9-831B-4304FD1A67EE}"
EndProject
Global
	GlobalSection(SolutionConfigurationPlatforms) = preSolution
		Debug|Any CPU = Debug|Any CPU
		Release|Any CPU = Release|Any CPU
	EndGlobalSection
	GlobalSection(ProjectConfigurationPlatforms) = postSolution
		{6CDB60F3-B82C-41E9-831B-4304FD1A67EE}.Debug|Any CPU.ActiveCfg = Debug|Any CPU
		{6CDB60F3-B82C-41E9-831B-4304FD1A67EE}.Debug|Any CPU.Build.0 = Debug|Any CPU
		{6CDB60F3-B82C-41E9-831B-4304FD1A67EE}.Release|Any CPU.ActiveCfg = Release|Any CPU
		{6CDB60F3-B82C-41E9-831B-4304FD1A67EE}.Release|Any CPU.Build.0 = Release|Any CPU
	EndGlobalSection
	GlobalSection(SolutionProperties) = preSolution
		HideSolutionNode = FALSE
	EndGlobalSection
	GlobalSection(ExtensibilityGlobals) = postSolution
		SolutionGuid = {F43952F9-D791-4E28-9A85-E18CF65EA084}
	EndGlobalSection
EndGlobal
